
Microsoft Visual Studio Solution File, Format Version 12.00
# Visual Studio 15
VisualStudioVersion = 15.0.27703.2035
MinimumVisualStudioVersion = 10.0.40219.1
Project("{FAE04EC0-301F-11D3-BF4B-00C04F79EFBC}") = "Factorizor.UI", "RealFactorizor_2\Factorizor.UI.csproj", "{211CBE53-6E08-438C-831E-CD83764A84F1}"
	ProjectSection(ProjectDependencies) = postProject
		{C7D88B2D-35A4-43D6-BA0A-D92648519EC6} = {C7D88B2D-35A4-43D6-BA0A-D92648519EC6}
	EndProjectSection
EndProject
Project("{9A19103F-16F7-4668-BE54-9A1E7A4F7556}") = "Factorizor.BLL", "Factorizor.BLL\Factorizor.BLL.csproj", "{81AB9D8C-F79D-4F72-B5F6-24B14C5A6F78}"
EndProject
Project("{9A19103F-16F7-4668-BE54-9A1E7A4F7556}") = "Factorizor.Tests", "ClassLibrary2\Factorizor.Tests.csproj", "{C7D88B2D-35A4-43D6-BA0A-D92648519EC6}"
EndProject
Global
	GlobalSection(SolutionConfigurationPlatforms) = preSolution
		Debug|Any CPU = Debug|Any CPU
		Release|Any CPU = Release|Any CPU
	EndGlobalSection
	GlobalSection(ProjectConfigurationPlatforms) = postSolution
		{211CBE53-6E08-438C-831E-CD83764A84F1}.Debug|Any CPU.ActiveCfg = Debug|Any CPU
		{211CBE53-6E08-438C-831E-CD83764A84F1}.Debug|Any CPU.Build.0 = Debug|Any CPU
		{211CBE53-6E08-438C-831E-CD83764A84F1}.Release|Any CPU.ActiveCfg = Release|Any CPU
		{211CBE53-6E08-438C-831E-CD83764A84F1}.Release|Any CPU.Build.0 = Release|Any CPU
		{81AB9D8C-F79D-4F72-B5F6-24B14C5A6F78}.Debug|Any CPU.ActiveCfg = Debug|Any CPU
		{81AB9D8C-F79D-4F72-B5F6-24B14C5A6F78}.Debug|Any CPU.Build.0 = Debug|Any CPU
		{81AB9D8C-F79D-4F72-B5F6-24B14C5A6F78}.Release|Any CPU.ActiveCfg = Release|Any CPU
		{81AB9D8C-F79D-4F72-B5F6-24B14C5A6F78}.Release|Any CPU.Build.0 = Release|Any CPU
		{C7D88B2D-35A4-43D6-BA0A-D92648519EC6}.Debug|Any CPU.ActiveCfg = Debug|Any CPU
		{C7D88B2D-35A4-43D6-BA0A-D92648519EC6}.Debug|Any CPU.Build.0 = Debug|Any CPU
		{C7D88B2D-35A4-43D6-BA0A-D92648519EC6}.Release|Any CPU.ActiveCfg = Release|Any CPU
		{C7D88B2D-35A4-43D6-BA0A-D92648519EC6}.Release|Any CPU.Build.0 = Release|Any CPU
	EndGlobalSection
	GlobalSection(SolutionProperties) = preSolution
		HideSolutionNode = FALSE
	EndGlobalSection
	GlobalSection(ExtensibilityGlobals) = postSolution
		SolutionGuid = {E2AF2BE0-E0FA-4205-9369-2752C1C31B5C}
	EndGlobalSection
EndGlobal
